
Microsoft Visual Studio Solution File, Format Version 10.00
# Visual Studio 2008
Project("{2150E333-8FDC-42A3-9474-1A3956D46DE8}") = "1. Common Components", "1. Common Components", "{C70C4404-C41D-4A5E-BC0E-B83D7FFF0A35}"
EndProject
Project("{2150E333-8FDC-42A3-9474-1A3956D46DE8}") = "2. Interface", "2. Interface", "{EF235F9C-D186-419D-A4A6-EF5B88DDE93D}"
EndProject
Project("{2150E333-8FDC-42A3-9474-1A3956D46DE8}") = "5. Engine Libraries", "5. Engine Libraries", "{85665F3C-C527-417C-9CE6-AD2411C268FF}"
EndProject
Project("{2150E333-8FDC-42A3-9474-1A3956D46DE8}") = "4. Game Engine", "4. Game Engine", "{542D238B-8B4B-44E6-990A-8ABD0F66758C}"
EndProject
Project("{2150E333-8FDC-42A3-9474-1A3956D46DE8}") = "3. Stand-alone Libraries", "3. Stand-alone Libraries", "{FFDAC134-5EBF-4F5C-AD51-78D11D7C5BE9}"
EndProject
Project("{2150E333-8FDC-42A3-9474-1A3956D46DE8}") = "9. Tutorials", "9. Tutorials", "{764D4637-098B-479F-A88E-E42A149A0E31}"
EndProject
Project("{8BC9CEB8-8B4A-11D0-8D11-00A0C91BC942}") = "Core", "Engine\Core\Core.vcproj", "{6AD0F8C7-EEAA-4095-94B3-0D34277E66E9}"
	ProjectSection(ProjectDependencies) = postProject
		{6D552B1F-4231-49F3-B349-27A69053E1A1} = {6D552B1F-4231-49F3-B349-27A69053E1A1}
		{5D0DB908-FB76-47C7-AAAE-515AB1867D53} = {5D0DB908-FB76-47C7-AAAE-515AB1867D53}
		{5D0DB908-FA76-47C7-AAAE-515CB1862D53} = {5D0DB908-FA76-47C7-AAAE-515CB1862D53}
	EndProjectSection
EndProject
Project("{8BC9CEB8-8B4A-11D0-8D11-00A0C91BC942}") = "OpenGL", "Engine\OpenGL\OpenGL.vcproj", "{D36CA0FC-2314-4369-9F78-5F89B5E90F97}"
	ProjectSection(ProjectDependencies) = postProject
		{D9FCAAC7-E2DF-4A8C-8CCE-960E0A3DBDCE} = {D9FCAAC7-E2DF-4A8C-8CCE-960E0A3DBDCE}
		{42E8DE77-CD47-4B7B-A46B-9A2805020176} = {42E8DE77-CD47-4B7B-A46B-9A2805020176}
		{C7615344-FC25-49E8-8AE0-B0B7FDD496D5} = {C7615344-FC25-49E8-8AE0-B0B7FDD496D5}
		{6D552B1F-4231-49F3-B349-27A69053E1A1} = {6D552B1F-4231-49F3-B349-27A69053E1A1}
		{5D0DB908-FB76-47C7-AAAE-515AB1867D53} = {5D0DB908-FB76-47C7-AAAE-515AB1867D53}
		{5D0DB908-FA76-47C7-AAAE-515CB1862D53} = {5D0DB908-FA76-47C7-AAAE-515CB1862D53}
	EndProjectSection
EndProject
Project("{8BC9CEB8-8B4A-11D0-8D11-00A0C91BC942}") = "Math", "Engine\Math\Math.vcproj", "{6D552B1F-4231-49F3-B349-27A69053E1A1}"
	ProjectSection(ProjectDependencies) = postProject
		{5D0DB908-FA76-47C7-AAAE-515CB1862D53} = {5D0DB908-FA76-47C7-AAAE-515CB1862D53}
	EndProjectSection
EndProject
Project("{8BC9CEB8-8B4A-11D0-8D11-00A0C91BC942}") = "Interface", "Engine\Interface\Interface.vcproj", "{B00D8667-1A83-474E-9B22-DA734690EDAA}"
	ProjectSection(ProjectDependencies) = postProject
		{5D0DB908-FA76-47C7-AAAE-515CB1862D53} = {5D0DB908-FA76-47C7-AAAE-515CB1862D53}
	EndProjectSection
EndProject
Project("{8BC9CEB8-8B4A-11D0-8D11-00A0C91BC942}") = "SysWindow", "Engine\SysWindow\SysWindow.vcproj", "{D9FCAAC7-E2DF-4A8C-8CCE-960E0A3DBDCE}"
	ProjectSection(ProjectDependencies) = postProject
		{6D552B1F-4231-49F3-B349-27A69053E1A1} = {6D552B1F-4231-49F3-B349-27A69053E1A1}
		{5D0DB908-FB76-47C7-AAAE-515AB1867D53} = {5D0DB908-FB76-47C7-AAAE-515AB1867D53}
		{5D0DB908-FA76-47C7-AAAE-515CB1862D53} = {5D0DB908-FA76-47C7-AAAE-515CB1862D53}
	EndProjectSection
EndProject
Project("{8BC9CEB8-8B4A-11D0-8D11-00A0C91BC942}") = "Basic", "Engine\Basic\Basic.vcproj", "{5D0DB908-FA76-47C7-AAAE-515CB1862D53}"
EndProject
Project("{8BC9CEB8-8B4A-11D0-8D11-00A0C91BC942}") = "Noise", "Engine\Noise\Noise.vcproj", "{12B24CDE-1544-4FE1-913E-3BC708EF4A83}"
	ProjectSection(ProjectDependencies) = postProject
		{5D0DB908-FA76-47C7-AAAE-515CB1862D53} = {5D0DB908-FA76-47C7-AAAE-515CB1862D53}
	EndProjectSection
EndProject
Project("{8BC9CEB8-8B4A-11D0-8D11-00A0C91BC942}") = "UI", "Engine\UI\UI.vcproj", "{4E4A0589-D030-4B38-8E56-7013E99BBEC9}"
	ProjectSection(ProjectDependencies) = postProject
		{D9FCAAC7-E2DF-4A8C-8CCE-960E0A3DBDCE} = {D9FCAAC7-E2DF-4A8C-8CCE-960E0A3DBDCE}
		{6D552B1F-4231-49F3-B349-27A69053E1A1} = {6D552B1F-4231-49F3-B349-27A69053E1A1}
		{5D0DB908-FA76-47C7-AAAE-515CB1862D53} = {5D0DB908-FA76-47C7-AAAE-515CB1862D53}
	EndProjectSection
EndProject
Project("{8BC9CEB8-8B4A-11D0-8D11-00A0C91BC942}") = "Network", "Engine\Network\Network.vcproj", "{12B24CDE-1544-4FE1-923E-3BC708EA4A83}"
	ProjectSection(ProjectDependencies) = postProject
		{5D0DB908-FA76-47C7-AAAE-515CB1862D53} = {5D0DB908-FA76-47C7-AAAE-515CB1862D53}
	EndProjectSection
EndProject
Project("{8BC9CEB8-8B4A-11D0-8D11-00A0C91BC942}") = "Image", "Engine\Image\Image.vcproj", "{42E8DE77-CD47-4B7B-A46B-9A2805020176}"
	ProjectSection(ProjectDependencies) = postProject
		{5D0DB908-FB76-47C7-AAAE-515AB1867D53} = {5D0DB908-FB76-47C7-AAAE-515AB1867D53}
		{5D0DB908-FA76-47C7-AAAE-515CB1862D53} = {5D0DB908-FA76-47C7-AAAE-515CB1862D53}
	EndProjectSection
EndProject
Project("{8BC9CEB8-8B4A-11D0-8D11-00A0C91BC942}") = "Font", "Engine\Font\Font.vcproj", "{C7615344-FC25-49E8-8AE0-B0B7FDD496D5}"
	ProjectSection(ProjectDependencies) = postProject
		{5D0DB908-FA76-47C7-AAAE-515CB1862D53} = {5D0DB908-FA76-47C7-AAAE-515CB1862D53}
	EndProjectSection
EndProject
Project("{8BC9CEB8-8B4A-11D0-8D11-00A0C91BC942}") = "Serialization", "Engine\Serialization\Serialization.vcproj", "{5D0DB908-FB76-47C7-AAAE-515AB1867D53}"
	ProjectSection(ProjectDependencies) = postProject
		{6D552B1F-4231-49F3-B349-27A69053E1A1} = {6D552B1F-4231-49F3-B349-27A69053E1A1}
		{5D0DB908-FA76-47C7-AAAE-515CB1862D53} = {5D0DB908-FA76-47C7-AAAE-515CB1862D53}
	EndProjectSection
EndProject
Project("{8BC9CEB8-8B4A-11D0-8D11-00A0C91BC942}") = "T01", "Tutorials\T01\T01.vcproj", "{11312B60-0100-4337-8982-8C0CB5382D12}"
	ProjectSection(ProjectDependencies) = postProject
		{D36CA0FC-2314-4369-9F78-5F89B5E90F97} = {D36CA0FC-2314-4369-9F78-5F89B5E90F97}
		{6AD0F8C7-EEAA-4095-94B3-0D34277E66E9} = {6AD0F8C7-EEAA-4095-94B3-0D34277E66E9}
		{D9FCAAC7-E2DF-4A8C-8CCE-960E0A3DBDCE} = {D9FCAAC7-E2DF-4A8C-8CCE-960E0A3DBDCE}
		{6D552B1F-4231-49F3-B349-27A69053E1A1} = {6D552B1F-4231-49F3-B349-27A69053E1A1}
		{5D0DB908-FB76-47C7-AAAE-515AB1867D53} = {5D0DB908-FB76-47C7-AAAE-515AB1867D53}
		{5D0DB908-FA76-47C7-AAAE-515CB1862D53} = {5D0DB908-FA76-47C7-AAAE-515CB1862D53}
	EndProjectSection
EndProject
Project("{8BC9CEB8-8B4A-11D0-8D11-00A0C91BC942}") = "T02", "Tutorials\T02\T02.vcproj", "{11312B60-0200-4337-8982-8C0CB5382D12}"
	ProjectSection(ProjectDependencies) = postProject
		{D36CA0FC-2314-4369-9F78-5F89B5E90F97} = {D36CA0FC-2314-4369-9F78-5F89B5E90F97}
		{6AD0F8C7-EEAA-4095-94B3-0D34277E66E9} = {6AD0F8C7-EEAA-4095-94B3-0D34277E66E9}
		{D9FCAAC7-E2DF-4A8C-8CCE-960E0A3DBDCE} = {D9FCAAC7-E2DF-4A8C-8CCE-960E0A3DBDCE}
		{6D552B1F-4231-49F3-B349-27A69053E1A1} = {6D552B1F-4231-49F3-B349-27A69053E1A1}
		{5D0DB908-FB76-47C7-AAAE-515AB1867D53} = {5D0DB908-FB76-47C7-AAAE-515AB1867D53}
		{5D0DB908-FA76-47C7-AAAE-515CB1862D53} = {5D0DB908-FA76-47C7-AAAE-515CB1862D53}
	EndProjectSection
EndProject
Project("{8BC9CEB8-8B4A-11D0-8D11-00A0C91BC942}") = "T03", "Tutorials\T03\T03.vcproj", "{11312B60-0300-4337-8982-8C0CB5382D12}"
	ProjectSection(ProjectDependencies) = postProject
		{D36CA0FC-2314-4369-9F78-5F89B5E90F97} = {D36CA0FC-2314-4369-9F78-5F89B5E90F97}
		{6AD0F8C7-EEAA-4095-94B3-0D34277E66E9} = {6AD0F8C7-EEAA-4095-94B3-0D34277E66E9}
		{D9FCAAC7-E2DF-4A8C-8CCE-960E0A3DBDCE} = {D9FCAAC7-E2DF-4A8C-8CCE-960E0A3DBDCE}
		{4E4A0589-D030-4B38-8E56-7013E99BBEC9} = {4E4A0589-D030-4B38-8E56-7013E99BBEC9}
		{42E8DE77-CD47-4B7B-A46B-9A2805020176} = {42E8DE77-CD47-4B7B-A46B-9A2805020176}
		{C7615344-FC25-49E8-8AE0-B0B7FDD496D5} = {C7615344-FC25-49E8-8AE0-B0B7FDD496D5}
		{6D552B1F-4231-49F3-B349-27A69053E1A1} = {6D552B1F-4231-49F3-B349-27A69053E1A1}
		{5D0DB908-FB76-47C7-AAAE-515AB1867D53} = {5D0DB908-FB76-47C7-AAAE-515AB1867D53}
		{5D0DB908-FA76-47C7-AAAE-515CB1862D53} = {5D0DB908-FA76-47C7-AAAE-515CB1862D53}
	EndProjectSection
EndProject
Project("{8BC9CEB8-8B4A-11D0-8D11-00A0C91BC942}") = "T04", "Tutorials\T04\T04.vcproj", "{11312B60-0400-4337-8982-8C0CB5382D12}"
	ProjectSection(ProjectDependencies) = postProject
		{D36CA0FC-2314-4369-9F78-5F89B5E90F97} = {D36CA0FC-2314-4369-9F78-5F89B5E90F97}
		{6AD0F8C7-EEAA-4095-94B3-0D34277E66E9} = {6AD0F8C7-EEAA-4095-94B3-0D34277E66E9}
		{D9FCAAC7-E2DF-4A8C-8CCE-960E0A3DBDCE} = {D9FCAAC7-E2DF-4A8C-8CCE-960E0A3DBDCE}
		{4E4A0589-D030-4B38-8E56-7013E99BBEC9} = {4E4A0589-D030-4B38-8E56-7013E99BBEC9}
		{42E8DE77-CD47-4B7B-A46B-9A2805020176} = {42E8DE77-CD47-4B7B-A46B-9A2805020176}
		{C7615344-FC25-49E8-8AE0-B0B7FDD496D5} = {C7615344-FC25-49E8-8AE0-B0B7FDD496D5}
		{6D552B1F-4231-49F3-B349-27A69053E1A1} = {6D552B1F-4231-49F3-B349-27A69053E1A1}
		{5D0DB908-FB76-47C7-AAAE-515AB1867D53} = {5D0DB908-FB76-47C7-AAAE-515AB1867D53}
		{5D0DB908-FA76-47C7-AAAE-515CB1862D53} = {5D0DB908-FA76-47C7-AAAE-515CB1862D53}
	EndProjectSection
EndProject
Project("{8BC9CEB8-8B4A-11D0-8D11-00A0C91BC942}") = "T05", "Tutorials\T05\T05.vcproj", "{11312B60-0500-4337-8982-8C0CB5382D12}"
	ProjectSection(ProjectDependencies) = postProject
		{D36CA0FC-2314-4369-9F78-5F89B5E90F97} = {D36CA0FC-2314-4369-9F78-5F89B5E90F97}
		{6AD0F8C7-EEAA-4095-94B3-0D34277E66E9} = {6AD0F8C7-EEAA-4095-94B3-0D34277E66E9}
		{D9FCAAC7-E2DF-4A8C-8CCE-960E0A3DBDCE} = {D9FCAAC7-E2DF-4A8C-8CCE-960E0A3DBDCE}
		{42E8DE77-CD47-4B7B-A46B-9A2805020176} = {42E8DE77-CD47-4B7B-A46B-9A2805020176}
		{6D552B1F-4231-49F3-B349-27A69053E1A1} = {6D552B1F-4231-49F3-B349-27A69053E1A1}
		{5D0DB908-FB76-47C7-AAAE-515AB1867D53} = {5D0DB908-FB76-47C7-AAAE-515AB1867D53}
		{5D0DB908-FA76-47C7-AAAE-515CB1862D53} = {5D0DB908-FA76-47C7-AAAE-515CB1862D53}
	EndProjectSection
EndProject
Project("{8BC9CEB8-8B4A-11D0-8D11-00A0C91BC942}") = "T06", "Tutorials\T06\T06.vcproj", "{11312B60-0600-4337-8982-8C0CB5382D12}"
	ProjectSection(ProjectDependencies) = postProject
		{D36CA0FC-2314-4369-9F78-5F89B5E90F97} = {D36CA0FC-2314-4369-9F78-5F89B5E90F97}
		{6AD0F8C7-EEAA-4095-94B3-0D34277E66E9} = {6AD0F8C7-EEAA-4095-94B3-0D34277E66E9}
		{D9FCAAC7-E2DF-4A8C-8CCE-960E0A3DBDCE} = {D9FCAAC7-E2DF-4A8C-8CCE-960E0A3DBDCE}
		{42E8DE77-CD47-4B7B-A46B-9A2805020176} = {42E8DE77-CD47-4B7B-A46B-9A2805020176}
		{C7615344-FC25-49E8-8AE0-B0B7FDD496D5} = {C7615344-FC25-49E8-8AE0-B0B7FDD496D5}
		{6D552B1F-4231-49F3-B349-27A69053E1A1} = {6D552B1F-4231-49F3-B349-27A69053E1A1}
		{5D0DB908-FB76-47C7-AAAE-515AB1867D53} = {5D0DB908-FB76-47C7-AAAE-515AB1867D53}
		{5D0DB908-FA76-47C7-AAAE-515CB1862D53} = {5D0DB908-FA76-47C7-AAAE-515CB1862D53}
	EndProjectSection
EndProject
Project("{8BC9CEB8-8B4A-11D0-8D11-00A0C91BC942}") = "T07", "Tutorials\T07\T07.vcproj", "{11312B60-0700-4337-8982-8C0CB5382D12}"
	ProjectSection(ProjectDependencies) = postProject
		{D36CA0FC-2314-4369-9F78-5F89B5E90F97} = {D36CA0FC-2314-4369-9F78-5F89B5E90F97}
		{6AD0F8C7-EEAA-4095-94B3-0D34277E66E9} = {6AD0F8C7-EEAA-4095-94B3-0D34277E66E9}
		{D9FCAAC7-E2DF-4A8C-8CCE-960E0A3DBDCE} = {D9FCAAC7-E2DF-4A8C-8CCE-960E0A3DBDCE}
		{42E8DE77-CD47-4B7B-A46B-9A2805020176} = {42E8DE77-CD47-4B7B-A46B-9A2805020176}
		{C7615344-FC25-49E8-8AE0-B0B7FDD496D5} = {C7615344-FC25-49E8-8AE0-B0B7FDD496D5}
		{6D552B1F-4231-49F3-B349-27A69053E1A1} = {6D552B1F-4231-49F3-B349-27A69053E1A1}
		{5D0DB908-FB76-47C7-AAAE-515AB1867D53} = {5D0DB908-FB76-47C7-AAAE-515AB1867D53}
		{5D0DB908-FA76-47C7-AAAE-515CB1862D53} = {5D0DB908-FA76-47C7-AAAE-515CB1862D53}
	EndProjectSection
EndProject
Project("{8BC9CEB8-8B4A-11D0-8D11-00A0C91BC942}") = "T08", "Tutorials\T08\T08.vcproj", "{11312B60-0800-4337-8982-8C0CB5382D12}"
	ProjectSection(ProjectDependencies) = postProject
		{D36CA0FC-2314-4369-9F78-5F89B5E90F97} = {D36CA0FC-2314-4369-9F78-5F89B5E90F97}
		{12B24CDE-1544-4FE1-913E-3BC708EF4A83} = {12B24CDE-1544-4FE1-913E-3BC708EF4A83}
		{6AD0F8C7-EEAA-4095-94B3-0D34277E66E9} = {6AD0F8C7-EEAA-4095-94B3-0D34277E66E9}
		{D9FCAAC7-E2DF-4A8C-8CCE-960E0A3DBDCE} = {D9FCAAC7-E2DF-4A8C-8CCE-960E0A3DBDCE}
		{4E4A0589-D030-4B38-8E56-7013E99BBEC9} = {4E4A0589-D030-4B38-8E56-7013E99BBEC9}
		{42E8DE77-CD47-4B7B-A46B-9A2805020176} = {42E8DE77-CD47-4B7B-A46B-9A2805020176}
		{C7615344-FC25-49E8-8AE0-B0B7FDD496D5} = {C7615344-FC25-49E8-8AE0-B0B7FDD496D5}
		{6D552B1F-4231-49F3-B349-27A69053E1A1} = {6D552B1F-4231-49F3-B349-27A69053E1A1}
		{5D0DB908-FB76-47C7-AAAE-515AB1867D53} = {5D0DB908-FB76-47C7-AAAE-515AB1867D53}
		{5D0DB908-FA76-47C7-AAAE-515CB1862D53} = {5D0DB908-FA76-47C7-AAAE-515CB1862D53}
	EndProjectSection
EndProject
Project("{8BC9CEB8-8B4A-11D0-8D11-00A0C91BC942}") = "T09", "Tutorials\T09\T09.vcproj", "{11312B60-0900-4337-8982-8C0CB5382D12}"
	ProjectSection(ProjectDependencies) = postProject
		{D36CA0FC-2314-4369-9F78-5F89B5E90F97} = {D36CA0FC-2314-4369-9F78-5F89B5E90F97}
		{12B24CDE-1544-4FE1-913E-3BC708EF4A83} = {12B24CDE-1544-4FE1-913E-3BC708EF4A83}
		{6AD0F8C7-EEAA-4095-94B3-0D34277E66E9} = {6AD0F8C7-EEAA-4095-94B3-0D34277E66E9}
		{D9FCAAC7-E2DF-4A8C-8CCE-960E0A3DBDCE} = {D9FCAAC7-E2DF-4A8C-8CCE-960E0A3DBDCE}
		{4E4A0589-D030-4B38-8E56-7013E99BBEC9} = {4E4A0589-D030-4B38-8E56-7013E99BBEC9}
		{42E8DE77-CD47-4B7B-A46B-9A2805020176} = {42E8DE77-CD47-4B7B-A46B-9A2805020176}
		{C7615344-FC25-49E8-8AE0-B0B7FDD496D5} = {C7615344-FC25-49E8-8AE0-B0B7FDD496D5}
		{6D552B1F-4231-49F3-B349-27A69053E1A1} = {6D552B1F-4231-49F3-B349-27A69053E1A1}
		{5D0DB908-FB76-47C7-AAAE-515AB1867D53} = {5D0DB908-FB76-47C7-AAAE-515AB1867D53}
		{5D0DB908-FA76-47C7-AAAE-515CB1862D53} = {5D0DB908-FA76-47C7-AAAE-515CB1862D53}
	EndProjectSection
EndProject
Project("{8BC9CEB8-8B4A-11D0-8D11-00A0C91BC942}") = "T10", "Tutorials\T10\T10.vcproj", "{11312B60-1000-4337-8982-8C0CB5382D12}"
	ProjectSection(ProjectDependencies) = postProject
		{5D0DB908-FA76-47C7-AAAE-515CB1862D53} = {5D0DB908-FA76-47C7-AAAE-515CB1862D53}
		{5D0DB908-FB76-47C7-AAAE-515AB1867D53} = {5D0DB908-FB76-47C7-AAAE-515AB1867D53}
		{6D552B1F-4231-49F3-B349-27A69053E1A1} = {6D552B1F-4231-49F3-B349-27A69053E1A1}
		{C7615344-FC25-49E8-8AE0-B0B7FDD496D5} = {C7615344-FC25-49E8-8AE0-B0B7FDD496D5}
		{42E8DE77-CD47-4B7B-A46B-9A2805020176} = {42E8DE77-CD47-4B7B-A46B-9A2805020176}
		{4E4A0589-D030-4B38-8E56-7013E99BBEC9} = {4E4A0589-D030-4B38-8E56-7013E99BBEC9}
		{D9FCAAC7-E2DF-4A8C-8CCE-960E0A3DBDCE} = {D9FCAAC7-E2DF-4A8C-8CCE-960E0A3DBDCE}
		{6AD0F8C7-EEAA-4095-94B3-0D34277E66E9} = {6AD0F8C7-EEAA-4095-94B3-0D34277E66E9}
		{D36CA0FC-2314-4369-9F78-5F89B5E90F97} = {D36CA0FC-2314-4369-9F78-5F89B5E90F97}
	EndProjectSection
EndProject
Project("{8BC9CEB8-8B4A-11D0-8D11-00A0C91BC942}") = "Sound", "Engine\Sound\Sound.vcproj", "{C8615344-FC25-49E8-8AE0-B0B7FDD496D5}"
	ProjectSection(ProjectDependencies) = postProject
		{5D0DB908-FA76-47C7-AAAE-515CB1862D53} = {5D0DB908-FA76-47C7-AAAE-515CB1862D53}
		{6D552B1F-4231-49F3-B349-27A69053E1A1} = {6D552B1F-4231-49F3-B349-27A69053E1A1}
	EndProjectSection
EndProject
Project("{8BC9CEB8-8B4A-11D0-8D11-00A0C91BC942}") = "T11", "Tutorials\T11\T11.vcproj", "{11312B60-1100-5337-8982-8C0CB5382D12}"
	ProjectSection(ProjectDependencies) = postProject
		{5D0DB908-FA76-47C7-AAAE-515CB1862D53} = {5D0DB908-FA76-47C7-AAAE-515CB1862D53}
		{5D0DB908-FB76-47C7-AAAE-515AB1867D53} = {5D0DB908-FB76-47C7-AAAE-515AB1867D53}
		{6D552B1F-4231-49F3-B349-27A69053E1A1} = {6D552B1F-4231-49F3-B349-27A69053E1A1}
		{42E8DE77-CD47-4B7B-A46B-9A2805020176} = {42E8DE77-CD47-4B7B-A46B-9A2805020176}
		{D9FCAAC7-E2DF-4A8C-8CCE-960E0A3DBDCE} = {D9FCAAC7-E2DF-4A8C-8CCE-960E0A3DBDCE}
		{6AD0F8C7-EEAA-4095-94B3-0D34277E66E9} = {6AD0F8C7-EEAA-4095-94B3-0D34277E66E9}
		{D36CA0FC-2314-4369-9F78-5F89B5E90F97} = {D36CA0FC-2314-4369-9F78-5F89B5E90F97}
	EndProjectSection
EndProject
Project("{8BC9CEB8-8B4A-11D0-8D11-00A0C91BC942}") = "T12", "Tutorials\T12\T12.vcproj", "{11312B60-1200-5337-8982-8C0CB5382D12}"
	ProjectSection(ProjectDependencies) = postProject
		{D36CA0FC-2314-4369-9F78-5F89B5E90F97} = {D36CA0FC-2314-4369-9F78-5F89B5E90F97}
		{6AD0F8C7-EEAA-4095-94B3-0D34277E66E9} = {6AD0F8C7-EEAA-4095-94B3-0D34277E66E9}
		{D9FCAAC7-E2DF-4A8C-8CCE-960E0A3DBDCE} = {D9FCAAC7-E2DF-4A8C-8CCE-960E0A3DBDCE}
		{42E8DE77-CD47-4B7B-A46B-9A2805020176} = {42E8DE77-CD47-4B7B-A46B-9A2805020176}
		{6D552B1F-4231-49F3-B349-27A69053E1A1} = {6D552B1F-4231-49F3-B349-27A69053E1A1}
		{5D0DB908-FB76-47C7-AAAE-515AB1867D53} = {5D0DB908-FB76-47C7-AAAE-515AB1867D53}
		{5D0DB908-FA76-47C7-AAAE-515CB1862D53} = {5D0DB908-FA76-47C7-AAAE-515CB1862D53}
	EndProjectSection
EndProject
Global
	GlobalSection(SolutionConfigurationPlatforms) = preSolution
		Debug|Win32 = Debug|Win32
		Release|Win32 = Release|Win32
	EndGlobalSection
	GlobalSection(ProjectConfigurationPlatforms) = postSolution
		{6AD0F8C7-EEAA-4095-94B3-0D34277E66E9}.Debug|Win32.ActiveCfg = Debug|Win32
		{6AD0F8C7-EEAA-4095-94B3-0D34277E66E9}.Debug|Win32.Build.0 = Debug|Win32
		{6AD0F8C7-EEAA-4095-94B3-0D34277E66E9}.Release|Win32.ActiveCfg = Release|Win32
		{6AD0F8C7-EEAA-4095-94B3-0D34277E66E9}.Release|Win32.Build.0 = Release|Win32
		{D36CA0FC-2314-4369-9F78-5F89B5E90F97}.Debug|Win32.ActiveCfg = Debug|Win32
		{D36CA0FC-2314-4369-9F78-5F89B5E90F97}.Debug|Win32.Build.0 = Debug|Win32
		{D36CA0FC-2314-4369-9F78-5F89B5E90F97}.Release|Win32.ActiveCfg = Release|Win32
		{D36CA0FC-2314-4369-9F78-5F89B5E90F97}.Release|Win32.Build.0 = Release|Win32
		{6D552B1F-4231-49F3-B349-27A69053E1A1}.Debug|Win32.ActiveCfg = Debug|Win32
		{6D552B1F-4231-49F3-B349-27A69053E1A1}.Debug|Win32.Build.0 = Debug|Win32
		{6D552B1F-4231-49F3-B349-27A69053E1A1}.Release|Win32.ActiveCfg = Release|Win32
		{6D552B1F-4231-49F3-B349-27A69053E1A1}.Release|Win32.Build.0 = Release|Win32
		{B00D8667-1A83-474E-9B22-DA734690EDAA}.Debug|Win32.ActiveCfg = Debug|Win32
		{B00D8667-1A83-474E-9B22-DA734690EDAA}.Debug|Win32.Build.0 = Debug|Win32
		{B00D8667-1A83-474E-9B22-DA734690EDAA}.Release|Win32.ActiveCfg = Release|Win32
		{B00D8667-1A83-474E-9B22-DA734690EDAA}.Release|Win32.Build.0 = Release|Win32
		{D9FCAAC7-E2DF-4A8C-8CCE-960E0A3DBDCE}.Debug|Win32.ActiveCfg = Debug|Win32
		{D9FCAAC7-E2DF-4A8C-8CCE-960E0A3DBDCE}.Debug|Win32.Build.0 = Debug|Win32
		{D9FCAAC7-E2DF-4A8C-8CCE-960E0A3DBDCE}.Release|Win32.ActiveCfg = Release|Win32
		{D9FCAAC7-E2DF-4A8C-8CCE-960E0A3DBDCE}.Release|Win32.Build.0 = Release|Win32
		{5D0DB908-FA76-47C7-AAAE-515CB1862D53}.Debug|Win32.ActiveCfg = Debug|Win32
		{5D0DB908-FA76-47C7-AAAE-515CB1862D53}.Debug|Win32.Build.0 = Debug|Win32
		{5D0DB908-FA76-47C7-AAAE-515CB1862D53}.Release|Win32.ActiveCfg = Release|Win32
		{5D0DB908-FA76-47C7-AAAE-515CB1862D53}.Release|Win32.Build.0 = Release|Win32
		{12B24CDE-1544-4FE1-913E-3BC708EF4A83}.Debug|Win32.ActiveCfg = Debug|Win32
		{12B24CDE-1544-4FE1-913E-3BC708EF4A83}.Debug|Win32.Build.0 = Debug|Win32
		{12B24CDE-1544-4FE1-913E-3BC708EF4A83}.Release|Win32.ActiveCfg = Release|Win32
		{12B24CDE-1544-4FE1-913E-3BC708EF4A83}.Release|Win32.Build.0 = Release|Win32
		{4E4A0589-D030-4B38-8E56-7013E99BBEC9}.Debug|Win32.ActiveCfg = Debug|Win32
		{4E4A0589-D030-4B38-8E56-7013E99BBEC9}.Debug|Win32.Build.0 = Debug|Win32
		{4E4A0589-D030-4B38-8E56-7013E99BBEC9}.Release|Win32.ActiveCfg = Release|Win32
		{4E4A0589-D030-4B38-8E56-7013E99BBEC9}.Release|Win32.Build.0 = Release|Win32
		{12B24CDE-1544-4FE1-923E-3BC708EA4A83}.Debug|Win32.ActiveCfg = Debug|Win32
		{12B24CDE-1544-4FE1-923E-3BC708EA4A83}.Debug|Win32.Build.0 = Debug|Win32
		{12B24CDE-1544-4FE1-923E-3BC708EA4A83}.Release|Win32.ActiveCfg = Release|Win32
		{12B24CDE-1544-4FE1-923E-3BC708EA4A83}.Release|Win32.Build.0 = Release|Win32
		{42E8DE77-CD47-4B7B-A46B-9A2805020176}.Debug|Win32.ActiveCfg = Debug|Win32
		{42E8DE77-CD47-4B7B-A46B-9A2805020176}.Debug|Win32.Build.0 = Debug|Win32
		{42E8DE77-CD47-4B7B-A46B-9A2805020176}.Release|Win32.ActiveCfg = Release|Win32
		{42E8DE77-CD47-4B7B-A46B-9A2805020176}.Release|Win32.Build.0 = Release|Win32
		{C7615344-FC25-49E8-8AE0-B0B7FDD496D5}.Debug|Win32.ActiveCfg = Debug|Win32
		{C7615344-FC25-49E8-8AE0-B0B7FDD496D5}.Debug|Win32.Build.0 = Debug|Win32
		{C7615344-FC25-49E8-8AE0-B0B7FDD496D5}.Release|Win32.ActiveCfg = Release|Win32
		{C7615344-FC25-49E8-8AE0-B0B7FDD496D5}.Release|Win32.Build.0 = Release|Win32
		{5D0DB908-FB76-47C7-AAAE-515AB1867D53}.Debug|Win32.ActiveCfg = Debug|Win32
		{5D0DB908-FB76-47C7-AAAE-515AB1867D53}.Debug|Win32.Build.0 = Debug|Win32
		{5D0DB908-FB76-47C7-AAAE-515AB1867D53}.Release|Win32.ActiveCfg = Release|Win32
		{5D0DB908-FB76-47C7-AAAE-515AB1867D53}.Release|Win32.Build.0 = Release|Win32
		{11312B60-0100-4337-8982-8C0CB5382D12}.Debug|Win32.ActiveCfg = Debug|Win32
		{11312B60-0100-4337-8982-8C0CB5382D12}.Debug|Win32.Build.0 = Debug|Win32
		{11312B60-0100-4337-8982-8C0CB5382D12}.Release|Win32.ActiveCfg = Release|Win32
		{11312B60-0100-4337-8982-8C0CB5382D12}.Release|Win32.Build.0 = Release|Win32
		{11312B60-0200-4337-8982-8C0CB5382D12}.Debug|Win32.ActiveCfg = Debug|Win32
		{11312B60-0200-4337-8982-8C0CB5382D12}.Debug|Win32.Build.0 = Debug|Win32
		{11312B60-0200-4337-8982-8C0CB5382D12}.Release|Win32.ActiveCfg = Release|Win32
		{11312B60-0200-4337-8982-8C0CB5382D12}.Release|Win32.Build.0 = Release|Win32
		{11312B60-0300-4337-8982-8C0CB5382D12}.Debug|Win32.ActiveCfg = Debug|Win32
		{11312B60-0300-4337-8982-8C0CB5382D12}.Debug|Win32.Build.0 = Debug|Win32
		{11312B60-0300-4337-8982-8C0CB5382D12}.Release|Win32.ActiveCfg = Release|Win32
		{11312B60-0300-4337-8982-8C0CB5382D12}.Release|Win32.Build.0 = Release|Win32
		{11312B60-0400-4337-8982-8C0CB5382D12}.Debug|Win32.ActiveCfg = Debug|Win32
		{11312B60-0400-4337-8982-8C0CB5382D12}.Debug|Win32.Build.0 = Debug|Win32
		{11312B60-0400-4337-8982-8C0CB5382D12}.Release|Win32.ActiveCfg = Release|Win32
		{11312B60-0400-4337-8982-8C0CB5382D12}.Release|Win32.Build.0 = Release|Win32
		{11312B60-0500-4337-8982-8C0CB5382D12}.Debug|Win32.ActiveCfg = Debug|Win32
		{11312B60-0500-4337-8982-8C0CB5382D12}.Debug|Win32.Build.0 = Debug|Win32
		{11312B60-0500-4337-8982-8C0CB5382D12}.Release|Win32.ActiveCfg = Release|Win32
		{11312B60-0500-4337-8982-8C0CB5382D12}.Release|Win32.Build.0 = Release|Win32
		{11312B60-0600-4337-8982-8C0CB5382D12}.Debug|Win32.ActiveCfg = Debug|Win32
		{11312B60-0600-4337-8982-8C0CB5382D12}.Debug|Win32.Build.0 = Debug|Win32
		{11312B60-0600-4337-8982-8C0CB5382D12}.Release|Win32.ActiveCfg = Release|Win32
		{11312B60-0600-4337-8982-8C0CB5382D12}.Release|Win32.Build.0 = Release|Win32
		{11312B60-0700-4337-8982-8C0CB5382D12}.Debug|Win32.ActiveCfg = Debug|Win32
		{11312B60-0700-4337-8982-8C0CB5382D12}.Debug|Win32.Build.0 = Debug|Win32
		{11312B60-0700-4337-8982-8C0CB5382D12}.Release|Win32.ActiveCfg = Release|Win32
		{11312B60-0700-4337-8982-8C0CB5382D12}.Release|Win32.Build.0 = Release|Win32
		{11312B60-0800-4337-8982-8C0CB5382D12}.Debug|Win32.ActiveCfg = Debug|Win32
		{11312B60-0800-4337-8982-8C0CB5382D12}.Debug|Win32.Build.0 = Debug|Win32
		{11312B60-0800-4337-8982-8C0CB5382D12}.Release|Win32.ActiveCfg = Release|Win32
		{11312B60-0800-4337-8982-8C0CB5382D12}.Release|Win32.Build.0 = Release|Win32
		{11312B60-0900-4337-8982-8C0CB5382D12}.Debug|Win32.ActiveCfg = Debug|Win32
		{11312B60-0900-4337-8982-8C0CB5382D12}.Debug|Win32.Build.0 = Debug|Win32
		{11312B60-0900-4337-8982-8C0CB5382D12}.Release|Win32.ActiveCfg = Release|Win32
		{11312B60-0900-4337-8982-8C0CB5382D12}.Release|Win32.Build.0 = Release|Win32
		{11312B60-1000-4337-8982-8C0CB5382D12}.Debug|Win32.ActiveCfg = Debug|Win32
		{11312B60-1000-4337-8982-8C0CB5382D12}.Debug|Win32.Build.0 = Debug|Win32
		{11312B60-1000-4337-8982-8C0CB5382D12}.Release|Win32.ActiveCfg = Release|Win32
		{11312B60-1000-4337-8982-8C0CB5382D12}.Release|Win32.Build.0 = Release|Win32
		{C8615344-FC25-49E8-8AE0-B0B7FDD496D5}.Debug|Win32.ActiveCfg = Debug|Win32
		{C8615344-FC25-49E8-8AE0-B0B7FDD496D5}.Debug|Win32.Build.0 = Debug|Win32
		{C8615344-FC25-49E8-8AE0-B0B7FDD496D5}.Release|Win32.ActiveCfg = Release|Win32
		{C8615344-FC25-49E8-8AE0-B0B7FDD496D5}.Release|Win32.Build.0 = Release|Win32
		{11312B60-1100-5337-8982-8C0CB5382D12}.Debug|Win32.ActiveCfg = Debug|Win32
		{11312B60-1100-5337-8982-8C0CB5382D12}.Debug|Win32.Build.0 = Debug|Win32
		{11312B60-1100-5337-8982-8C0CB5382D12}.Release|Win32.ActiveCfg = Release|Win32
		{11312B60-1100-5337-8982-8C0CB5382D12}.Release|Win32.Build.0 = Release|Win32
		{11312B60-1200-5337-8982-8C0CB5382D12}.Debug|Win32.ActiveCfg = Debug|Win32
		{11312B60-1200-5337-8982-8C0CB5382D12}.Debug|Win32.Build.0 = Debug|Win32
		{11312B60-1200-5337-8982-8C0CB5382D12}.Release|Win32.ActiveCfg = Release|Win32
		{11312B60-1200-5337-8982-8C0CB5382D12}.Release|Win32.Build.0 = Release|Win32
	EndGlobalSection
	GlobalSection(SolutionProperties) = preSolution
		HideSolutionNode = FALSE
	EndGlobalSection
	GlobalSection(NestedProjects) = preSolution
		{6D552B1F-4231-49F3-B349-27A69053E1A1} = {C70C4404-C41D-4A5E-BC0E-B83D7FFF0A35}
		{5D0DB908-FA76-47C7-AAAE-515CB1862D53} = {C70C4404-C41D-4A5E-BC0E-B83D7FFF0A35}
		{5D0DB908-FB76-47C7-AAAE-515AB1867D53} = {C70C4404-C41D-4A5E-BC0E-B83D7FFF0A35}
		{B00D8667-1A83-474E-9B22-DA734690EDAA} = {EF235F9C-D186-419D-A4A6-EF5B88DDE93D}
		{D36CA0FC-2314-4369-9F78-5F89B5E90F97} = {85665F3C-C527-417C-9CE6-AD2411C268FF}
		{D9FCAAC7-E2DF-4A8C-8CCE-960E0A3DBDCE} = {85665F3C-C527-417C-9CE6-AD2411C268FF}
		{4E4A0589-D030-4B38-8E56-7013E99BBEC9} = {85665F3C-C527-417C-9CE6-AD2411C268FF}
		{6AD0F8C7-EEAA-4095-94B3-0D34277E66E9} = {542D238B-8B4B-44E6-990A-8ABD0F66758C}
		{12B24CDE-1544-4FE1-913E-3BC708EF4A83} = {FFDAC134-5EBF-4F5C-AD51-78D11D7C5BE9}
		{12B24CDE-1544-4FE1-923E-3BC708EA4A83} = {FFDAC134-5EBF-4F5C-AD51-78D11D7C5BE9}
		{42E8DE77-CD47-4B7B-A46B-9A2805020176} = {FFDAC134-5EBF-4F5C-AD51-78D11D7C5BE9}
		{C7615344-FC25-49E8-8AE0-B0B7FDD496D5} = {FFDAC134-5EBF-4F5C-AD51-78D11D7C5BE9}
		{C8615344-FC25-49E8-8AE0-B0B7FDD496D5} = {FFDAC134-5EBF-4F5C-AD51-78D11D7C5BE9}
		{11312B60-0100-4337-8982-8C0CB5382D12} = {764D4637-098B-479F-A88E-E42A149A0E31}
		{11312B60-0200-4337-8982-8C0CB5382D12} = {764D4637-098B-479F-A88E-E42A149A0E31}
		{11312B60-0300-4337-8982-8C0CB5382D12} = {764D4637-098B-479F-A88E-E42A149A0E31}
		{11312B60-0400-4337-8982-8C0CB5382D12} = {764D4637-098B-479F-A88E-E42A149A0E31}
		{11312B60-0500-4337-8982-8C0CB5382D12} = {764D4637-098B-479F-A88E-E42A149A0E31}
		{11312B60-0600-4337-8982-8C0CB5382D12} = {764D4637-098B-479F-A88E-E42A149A0E31}
		{11312B60-0700-4337-8982-8C0CB5382D12} = {764D4637-098B-479F-A88E-E42A149A0E31}
		{11312B60-0800-4337-8982-8C0CB5382D12} = {764D4637-098B-479F-A88E-E42A149A0E31}
		{11312B60-0900-4337-8982-8C0CB5382D12} = {764D4637-098B-479F-A88E-E42A149A0E31}
		{11312B60-1000-4337-8982-8C0CB5382D12} = {764D4637-098B-479F-A88E-E42A149A0E31}
		{11312B60-1100-5337-8982-8C0CB5382D12} = {764D4637-098B-479F-A88E-E42A149A0E31}
		{11312B60-1200-5337-8982-8C0CB5382D12} = {764D4637-098B-479F-A88E-E42A149A0E31}
	EndGlobalSection
EndGlobal
